
Microsoft Visual Studio Solution File, Format Version 12.00
# Visual Studio 14
VisualStudioVersion = 14.0.22823.1
MinimumVisualStudioVersion = 10.0.40219.1
Project("{FAE04EC0-301F-11D3-BF4B-00C04F79EFBC}") = "AbbyRdfParser", "..\AbbyRdfParser\AbbyRdfParser.csproj", "{567DFB21-CD5D-4989-AEA3-0DAB89395ABD}"
EndProject
Project("{FAE04EC0-301F-11D3-BF4B-00C04F79EFBC}") = "IbmJsonParser", "..\IbmJsonParser\IbmJsonParser.csproj", "{8C6841CA-BF73-4828-A8F1-E34F1913DB86}"
EndProject
Project("{FAE04EC0-301F-11D3-BF4B-00C04F79EFBC}") = "RcoParser", "..\RcoParser\RcoParser.csproj", "{0ED4A13D-E01C-4364-B07D-3518590DBCD0}"
EndProject
Project("{FAE04EC0-301F-11D3-BF4B-00C04F79EFBC}") = "COCOTextExtractor", "COCOTextExtractor\COCOTextExtractor.csproj", "{A50C044D-02C9-4DD0-ABD9-4D9E268D67B7}"
EndProject
Project("{FAE04EC0-301F-11D3-BF4B-00C04F79EFBC}") = "COCOTextCombiner", "COCOTextCombiner\COCOTextCombiner.csproj", "{D69B8591-EDDC-4138-AD53-FCCCE2FF25D4}"
EndProject
Global
	GlobalSection(SolutionConfigurationPlatforms) = preSolution
		Debug|Any CPU = Debug|Any CPU
		Release|Any CPU = Release|Any CPU
	EndGlobalSection
	GlobalSection(ProjectConfigurationPlatforms) = postSolution
		{567DFB21-CD5D-4989-AEA3-0DAB89395ABD}.Debug|Any CPU.ActiveCfg = Debug|Any CPU
		{567DFB21-CD5D-4989-AEA3-0DAB89395ABD}.Debug|Any CPU.Build.0 = Debug|Any CPU
		{567DFB21-CD5D-4989-AEA3-0DAB89395ABD}.Release|Any CPU.ActiveCfg = Release|Any CPU
		{567DFB21-CD5D-4989-AEA3-0DAB89395ABD}.Release|Any CPU.Build.0 = Release|Any CPU
		{8C6841CA-BF73-4828-A8F1-E34F1913DB86}.Debug|Any CPU.ActiveCfg = Debug|Any CPU
		{8C6841CA-BF73-4828-A8F1-E34F1913DB86}.Debug|Any CPU.Build.0 = Debug|Any CPU
		{8C6841CA-BF73-4828-A8F1-E34F1913DB86}.Release|Any CPU.ActiveCfg = Release|Any CPU
		{8C6841CA-BF73-4828-A8F1-E34F1913DB86}.Release|Any CPU.Build.0 = Release|Any CPU
		{0ED4A13D-E01C-4364-B07D-3518590DBCD0}.Debug|Any CPU.ActiveCfg = Debug|Any CPU
		{0ED4A13D-E01C-4364-B07D-3518590DBCD0}.Debug|Any CPU.Build.0 = Debug|Any CPU
		{0ED4A13D-E01C-4364-B07D-3518590DBCD0}.Release|Any CPU.ActiveCfg = Release|Any CPU
		{0ED4A13D-E01C-4364-B07D-3518590DBCD0}.Release|Any CPU.Build.0 = Release|Any CPU
		{A50C044D-02C9-4DD0-ABD9-4D9E268D67B7}.Debug|Any CPU.ActiveCfg = Debug|Any CPU
		{A50C044D-02C9-4DD0-ABD9-4D9E268D67B7}.Debug|Any CPU.Build.0 = Debug|Any CPU
		{A50C044D-02C9-4DD0-ABD9-4D9E268D67B7}.Release|Any CPU.ActiveCfg = Release|Any CPU
		{A50C044D-02C9-4DD0-ABD9-4D9E268D67B7}.Release|Any CPU.Build.0 = Release|Any CPU
		{D69B8591-EDDC-4138-AD53-FCCCE2FF25D4}.Debug|Any CPU.ActiveCfg = Debug|Any CPU
		{D69B8591-EDDC-4138-AD53-FCCCE2FF25D4}.Debug|Any CPU.Build.0 = Debug|Any CPU
		{D69B8591-EDDC-4138-AD53-FCCCE2FF25D4}.Release|Any CPU.ActiveCfg = Release|Any CPU
		{D69B8591-EDDC-4138-AD53-FCCCE2FF25D4}.Release|Any CPU.Build.0 = Release|Any CPU
	EndGlobalSection
	GlobalSection(SolutionProperties) = preSolution
		HideSolutionNode = FALSE
	EndGlobalSection
EndGlobal
